
Microsoft Visual Studio Solution File, Format Version 12.00
# Visual Studio Version 16
VisualStudioVersion = 16.0.30611.23
MinimumVisualStudioVersion = 10.0.40219.1
Project("{FAE04EC0-301F-11D3-BF4B-00C04F79EFBC}") = "TYAP-Lab2_", "TYAP-Lab2_.csproj", "{78142FEF-EB4C-4574-8131-97ED1936EB84}"
EndProject
Global
	GlobalSection(SolutionConfigurationPlatforms) = preSolution
		Debug|Any CPU = Debug|Any CPU
		Release|Any CPU = Release|Any CPU
	EndGlobalSection
	GlobalSection(ProjectConfigurationPlatforms) = postSolution
		{78142FEF-EB4C-4574-8131-97ED1936EB84}.Debug|Any CPU.ActiveCfg = Debug|Any CPU
		{78142FEF-EB4C-4574-8131-97ED1936EB84}.Debug|Any CPU.Build.0 = Debug|Any CPU
		{78142FEF-EB4C-4574-8131-97ED1936EB84}.Release|Any CPU.ActiveCfg = Release|Any CPU
		{78142FEF-EB4C-4574-8131-97ED1936EB84}.Release|Any CPU.Build.0 = Release|Any CPU
	EndGlobalSection
	GlobalSection(SolutionProperties) = preSolution
		HideSolutionNode = FALSE
	EndGlobalSection
	GlobalSection(ExtensibilityGlobals) = postSolution
		SolutionGuid = {A1685B48-5866-473E-A47D-9D8A4E370647}
	EndGlobalSection
EndGlobal
