
Microsoft Visual Studio Solution File, Format Version 12.00
# Visual Studio Version 16
VisualStudioVersion = 16.0.30621.155
MinimumVisualStudioVersion = 10.0.40219.1
Project("{FAE04EC0-301F-11D3-BF4B-00C04F79EFBC}") = "TYAP-Lab3", "TYAP-Lab3.csproj", "{989C1D70-37EB-4651-A02D-0727613F3E62}"
EndProject
Global
	GlobalSection(SolutionConfigurationPlatforms) = preSolution
		Debug|Any CPU = Debug|Any CPU
		Release|Any CPU = Release|Any CPU
	EndGlobalSection
	GlobalSection(ProjectConfigurationPlatforms) = postSolution
		{989C1D70-37EB-4651-A02D-0727613F3E62}.Debug|Any CPU.ActiveCfg = Debug|Any CPU
		{989C1D70-37EB-4651-A02D-0727613F3E62}.Debug|Any CPU.Build.0 = Debug|Any CPU
		{989C1D70-37EB-4651-A02D-0727613F3E62}.Release|Any CPU.ActiveCfg = Release|Any CPU
		{989C1D70-37EB-4651-A02D-0727613F3E62}.Release|Any CPU.Build.0 = Release|Any CPU
	EndGlobalSection
	GlobalSection(SolutionProperties) = preSolution
		HideSolutionNode = FALSE
	EndGlobalSection
	GlobalSection(ExtensibilityGlobals) = postSolution
		SolutionGuid = {970DC461-F150-4B73-91D7-E7D947E414CF}
	EndGlobalSection
EndGlobal
